# GENERATED FILE - DO NOT EDIT DIRECTLY
schema_version: 1

bundle:
  version: "0.9.4-dev"
  release_sequence: 0
  channel: "development"
  source_tree_digest: "sha256:ba597010d9403127df8c67102186ef40c546a08101d1a93201d17f8108deb520"
  digest: "sha256:12020fd6433653d350bca1bc3ee3f8b6a59c0bcbdef96ed2ed8d24480cff212b"

projection:
  input_digest: "sha256:2ea0d802e0f7d04cd8390e04631bc9aa16bccb4e0885654d81a68b2e057bb996"
  output_digest: "sha256:27acd219f2e8f371cb19a258e3c69004f0b48d7707dc1762bf973ec5eae7a5ca"
  files:
    - path: ".gds/compiled-policy.json"
      digest: "sha256:aef8eaf7177b634f8f0794476e69bc49ac1344ad21f333a8a55aeaa686ca48d5"
